
Microsoft Visual Studio Solution File, Format Version 12.00
# Visual Studio 2012
Project("{FAE04EC0-301F-11D3-BF4B-00C04F79EFBC}") = "Accelerate", "Accelerate\Accelerate.csproj", "{ADA1D8E5-C231-46FB-8B42-14E79E0ADB66}"
EndProject
Project("{FAE04EC0-301F-11D3-BF4B-00C04F79EFBC}") = "AddressPicker", "AddressPicker\AddressPicker.csproj", "{74AC7E45-B085-44CE-9125-6EB830530146}"
EndProject
Project("{FAE04EC0-301F-11D3-BF4B-00C04F79EFBC}") = "UT", "UT\UT.csproj", "{31123C99-8B2D-4159-9F93-1B3B7A4D7E73}"
EndProject
Global
	GlobalSection(SolutionConfigurationPlatforms) = preSolution
		Debug|Any CPU = Debug|Any CPU
		Release|Any CPU = Release|Any CPU
	EndGlobalSection
	GlobalSection(ProjectConfigurationPlatforms) = postSolution
		{ADA1D8E5-C231-46FB-8B42-14E79E0ADB66}.Debug|Any CPU.ActiveCfg = Debug|Any CPU
		{ADA1D8E5-C231-46FB-8B42-14E79E0ADB66}.Debug|Any CPU.Build.0 = Debug|Any CPU
		{ADA1D8E5-C231-46FB-8B42-14E79E0ADB66}.Release|Any CPU.ActiveCfg = Release|Any CPU
		{ADA1D8E5-C231-46FB-8B42-14E79E0ADB66}.Release|Any CPU.Build.0 = Release|Any CPU
		{74AC7E45-B085-44CE-9125-6EB830530146}.Debug|Any CPU.ActiveCfg = Debug|Any CPU
		{74AC7E45-B085-44CE-9125-6EB830530146}.Debug|Any CPU.Build.0 = Debug|Any CPU
		{74AC7E45-B085-44CE-9125-6EB830530146}.Release|Any CPU.ActiveCfg = Release|Any CPU
		{74AC7E45-B085-44CE-9125-6EB830530146}.Release|Any CPU.Build.0 = Release|Any CPU
		{31123C99-8B2D-4159-9F93-1B3B7A4D7E73}.Debug|Any CPU.ActiveCfg = Debug|Any CPU
		{31123C99-8B2D-4159-9F93-1B3B7A4D7E73}.Debug|Any CPU.Build.0 = Debug|Any CPU
		{31123C99-8B2D-4159-9F93-1B3B7A4D7E73}.Release|Any CPU.ActiveCfg = Release|Any CPU
		{31123C99-8B2D-4159-9F93-1B3B7A4D7E73}.Release|Any CPU.Build.0 = Release|Any CPU
	EndGlobalSection
	GlobalSection(SolutionProperties) = preSolution
		HideSolutionNode = FALSE
	EndGlobalSection
EndGlobal
